
Microsoft Visual Studio Solution File, Format Version 12.00
# Visual Studio Version 16
VisualStudioVersion = 16.0.30711.63
MinimumVisualStudioVersion = 10.0.40219.1
Project("{FAE04EC0-301F-11D3-BF4B-00C04F79EFBC}") = "PT2", "PT2\PT2.csproj", "{BAF2E229-45A2-4C19-8ED9-B1611305FDFA}"
EndProject
Project("{FAE04EC0-301F-11D3-BF4B-00C04F79EFBC}") = "PT2Test", "PT2Test\PT2Test.csproj", "{F30CC4FE-3675-40BB-B775-C73947FB3327}"
EndProject
Global
	GlobalSection(SolutionConfigurationPlatforms) = preSolution
		Debug|Any CPU = Debug|Any CPU
		Release|Any CPU = Release|Any CPU
	EndGlobalSection
	GlobalSection(ProjectConfigurationPlatforms) = postSolution
		{BAF2E229-45A2-4C19-8ED9-B1611305FDFA}.Debug|Any CPU.ActiveCfg = Debug|Any CPU
		{BAF2E229-45A2-4C19-8ED9-B1611305FDFA}.Debug|Any CPU.Build.0 = Debug|Any CPU
		{BAF2E229-45A2-4C19-8ED9-B1611305FDFA}.Release|Any CPU.ActiveCfg = Release|Any CPU
		{BAF2E229-45A2-4C19-8ED9-B1611305FDFA}.Release|Any CPU.Build.0 = Release|Any CPU
		{F30CC4FE-3675-40BB-B775-C73947FB3327}.Debug|Any CPU.ActiveCfg = Debug|Any CPU
		{F30CC4FE-3675-40BB-B775-C73947FB3327}.Debug|Any CPU.Build.0 = Debug|Any CPU
		{F30CC4FE-3675-40BB-B775-C73947FB3327}.Release|Any CPU.ActiveCfg = Release|Any CPU
		{F30CC4FE-3675-40BB-B775-C73947FB3327}.Release|Any CPU.Build.0 = Release|Any CPU
	EndGlobalSection
	GlobalSection(SolutionProperties) = preSolution
		HideSolutionNode = FALSE
	EndGlobalSection
	GlobalSection(ExtensibilityGlobals) = postSolution
		SolutionGuid = {EA6DB065-ABF2-4557-A164-95904A230F31}
	EndGlobalSection
EndGlobal
